
Microsoft Visual Studio Solution File, Format Version 12.00
# Visual Studio 15
VisualStudioVersion = 15.0.28307.757
MinimumVisualStudioVersion = 10.0.40219.1
Project("{9092AA53-FB77-4645-B42D-1CCCA6BD08BD}") = "Lab2", "Lab2\Lab2.njsproj", "{708DD6E8-C943-47A2-BE03-EBC67BF24E4F}"
EndProject
Global
	GlobalSection(SolutionConfigurationPlatforms) = preSolution
		Debug|Any CPU = Debug|Any CPU
		Release|Any CPU = Release|Any CPU
	EndGlobalSection
	GlobalSection(ProjectConfigurationPlatforms) = postSolution
		{708DD6E8-C943-47A2-BE03-EBC67BF24E4F}.Debug|Any CPU.ActiveCfg = Debug|Any CPU
		{708DD6E8-C943-47A2-BE03-EBC67BF24E4F}.Debug|Any CPU.Build.0 = Debug|Any CPU
		{708DD6E8-C943-47A2-BE03-EBC67BF24E4F}.Release|Any CPU.ActiveCfg = Release|Any CPU
		{708DD6E8-C943-47A2-BE03-EBC67BF24E4F}.Release|Any CPU.Build.0 = Release|Any CPU
	EndGlobalSection
	GlobalSection(SolutionProperties) = preSolution
		HideSolutionNode = FALSE
	EndGlobalSection
	GlobalSection(ExtensibilityGlobals) = postSolution
		SolutionGuid = {4CB057D8-5327-496C-BE12-BE9DC5318135}
	EndGlobalSection
EndGlobal
